
Microsoft Visual Studio Solution File, Format Version 12.00
# Visual Studio 15
VisualStudioVersion = 15.0.27703.2047
MinimumVisualStudioVersion = 10.0.40219.1
Project("{FAE04EC0-301F-11D3-BF4B-00C04F79EFBC}") = "2ndLab", "2ndLab\2ndLab.csproj", "{FEF8E31B-6772-4203-A982-5D18FF1834A5}"
EndProject
Global
	GlobalSection(SolutionConfigurationPlatforms) = preSolution
		Debug|Any CPU = Debug|Any CPU
		Release|Any CPU = Release|Any CPU
	EndGlobalSection
	GlobalSection(ProjectConfigurationPlatforms) = postSolution
		{FEF8E31B-6772-4203-A982-5D18FF1834A5}.Debug|Any CPU.ActiveCfg = Debug|Any CPU
		{FEF8E31B-6772-4203-A982-5D18FF1834A5}.Debug|Any CPU.Build.0 = Debug|Any CPU
		{FEF8E31B-6772-4203-A982-5D18FF1834A5}.Release|Any CPU.ActiveCfg = Release|Any CPU
		{FEF8E31B-6772-4203-A982-5D18FF1834A5}.Release|Any CPU.Build.0 = Release|Any CPU
	EndGlobalSection
	GlobalSection(SolutionProperties) = preSolution
		HideSolutionNode = FALSE
	EndGlobalSection
	GlobalSection(ExtensibilityGlobals) = postSolution
		SolutionGuid = {4EA88B7A-9745-4086-BC16-B2A5AA7600CE}
	EndGlobalSection
EndGlobal
